// !$*UTF8*$!
{
	archiveVersion = 1;
	classes = {
	};
	objectVersion = 56;
	objects = {

/* Begin PBXBuildFile section */
		5E244E5428D494CC00557C9D /* AppDelegate.swift in Sources */ = {isa = PBXBuildFile; fileRef = 5E244E5328D494CC00557C9D /* AppDelegate.swift */; };
		5E244E5628D494CC00557C9D /* SceneDelegate.swift in Sources */ = {isa = PBXBuildFile; fileRef = 5E244E5528D494CC00557C9D /* SceneDelegate.swift */; };
		5E244E5828D494CC00557C9D /* ViewController.swift in Sources */ = {isa = PBXBuildFile; fileRef = 5E244E5728D494CC00557C9D /* ViewController.swift */; };
		5E244E5B28D494CC00557C9D /* Main.storyboard in Resources */ = {isa = PBXBuildFile; fileRef = 5E244E5928D494CC00557C9D /* Main.storyboard */; };
		5E244E5D28D494CD00557C9D /* Assets.xcassets in Resources */ = {isa = PBXBuildFile; fileRef = 5E244E5C28D494CD00557C9D /* Assets.xcassets */; };
		5E244E6028D494CD00557C9D /* LaunchScreen.storyboard in Resources */ = {isa = PBXBuildFile; fileRef = 5E244E5E28D494CD00557C9D /* LaunchScreen.storyboard */; };
		5E244E6828D62BC200557C9D /* CardModel.swift in Sources */ = {isa = PBXBuildFile; fileRef = 5E244E6728D62BC200557C9D /* CardModel.swift */; };
		5E244E6A28D62E2E00557C9D /* Card.swift in Sources */ = {isa = PBXBuildFile; fileRef = 5E244E6928D62E2E00557C9D /* Card.swift */; };
		5E244E6C28D6376B00557C9D /* CardCollectionViewCell.swift in Sources */ = {isa = PBXBuildFile; fileRef = 5E244E6B28D6376B00557C9D /* CardCollectionViewCell.swift */; };
/* End PBXBuildFile section */

/* Begin PBXFileReference section */
		5E244E5028D494CC00557C9D /* MatchCardGame.app */ = {isa = PBXFileReference; explicitFileType = wrapper.application; includeInIndex = 0; path = MatchCardGame.app; sourceTree = BUILT_PRODUCTS_DIR; };
		5E244E5328D494CC00557C9D /* AppDelegate.swift */ = {isa = PBXFileReference; lastKnownFileType = sourcecode.swift; path = AppDelegate.swift; sourceTree = "<group>"; };
		5E244E5528D494CC00557C9D /* SceneDelegate.swift */ = {isa = PBXFileReference; lastKnownFileType = sourcecode.swift; path = SceneDelegate.swift; sourceTree = "<group>"; };
		5E244E5728D494CC00557C9D /* ViewController.swift */ = {isa = PBXFileReference; lastKnownFileType = sourcecode.swift; path = ViewController.swift; sourceTree = "<group>"; };
		5E244E5A28D494CC00557C9D /* Base */ = {isa = PBXFileReference; lastKnownFileType = file.storyboard; name = Base; path = Base.lproj/Main.storyboard; sourceTree = "<group>"; };
		5E244E5C28D494CD00557C9D /* Assets.xcassets */ = {isa = PBXFileReference; lastKnownFileType = folder.assetcatalog; path = Assets.xcassets; sourceTree = "<group>"; };
		5E244E5F28D494CD00557C9D /* Base */ = {isa = PBXFileReference; lastKnownFileType = file.storyboard; name = Base; path = Base.lproj/LaunchScreen.storyboard; sourceTree = "<group>"; };
		5E244E6128D494CD00557C9D /* Info.plist */ = {isa = PBXFileReference; lastKnownFileType = text.plist.xml; path = Info.plist; sourceTree = "<group>"; };
		5E244E6728D62BC200557C9D /* CardModel.swift */ = {isa = PBXFileReference; lastKnownFileType = sourcecode.swift; path = CardModel.swift; sourceTree = "<group>"; };
		5E244E6928D62E2E00557C9D /* Card.swift */ = {isa = PBXFileReference; lastKnownFileType = sourcecode.swift; path = Card.swift; sourceTree = "<group>"; };
		5E244E6B28D6376B00557C9D /* CardCollectionViewCell.swift */ = {isa = PBXFileReference; lastKnownFileType = sourcecode.swift; path = CardCollectionViewCell.swift; sourceTree = "<group>"; };
/* End PBXFileReference section */

/* Begin PBXFrameworksBuildPhase section */
		5E244E4D28D494CC00557C9D /* Frameworks */ = {
			isa = PBXFrameworksBuildPhase;
			buildActionMask = 2147483647;
			files = (
			);
			runOnlyForDeploymentPostprocessing = 0;
		};
/* End PBXFrameworksBuildPhase section */

/* Begin PBXGroup section */
		5E244E4728D494CC00557C9D = {
			isa = PBXGroup;
			children = (
				5E244E5228D494CC00557C9D /* MatchCardGame */,
				5E244E5128D494CC00557C9D /* Products */,
			);
			sourceTree = "<group>";
		};
		5E244E5128D494CC00557C9D /* Products */ = {
			isa = PBXGroup;
			children = (
				5E244E5028D494CC00557C9D /* MatchCardGame.app */,
			);
			name = Products;
			sourceTree = "<group>";
		};
		5E244E5228D494CC00557C9D /* MatchCardGame */ = {
			isa = PBXGroup;
			children = (
				5E244E5328D494CC00557C9D /* AppDelegate.swift */,
				5E244E5528D494CC00557C9D /* SceneDelegate.swift */,
				5E244E5728D494CC00557C9D /* ViewController.swift */,
				5E244E5928D494CC00557C9D /* Main.storyboard */,
				5E244E5C28D494CD00557C9D /* Assets.xcassets */,
				5E244E5E28D494CD00557C9D /* LaunchScreen.storyboard */,
				5E244E6128D494CD00557C9D /* Info.plist */,
				5E244E6728D62BC200557C9D /* CardModel.swift */,
				5E244E6928D62E2E00557C9D /* Card.swift */,
				5E244E6B28D6376B00557C9D /* CardCollectionViewCell.swift */,
			);
			path = MatchCardGame;
			sourceTree = "<group>";
		};
/* End PBXGroup section */

/* Begin PBXNativeTarget section */
		5E244E4F28D494CC00557C9D /* MatchCardGame */ = {
			isa = PBXNativeTarget;
			buildConfigurationList = 5E244E6428D494CD00557C9D /* Build configuration list for PBXNativeTarget "MatchCardGame" */;
			buildPhases = (
				5E244E4C28D494CC00557C9D /* Sources */,
				5E244E4D28D494CC00557C9D /* Frameworks */,
				5E244E4E28D494CC00557C9D /* Resources */,
			);
			buildRules = (
			);
			dependencies = (
			);
			name = MatchCardGame;
			productName = MatchCardGame;
			productReference = 5E244E5028D494CC00557C9D /* MatchCardGame.app */;
			productType = "com.apple.product-type.application";
		};
/* End PBXNativeTarget section */

/* Begin PBXProject section */
		5E244E4828D494CC00557C9D /* Project object */ = {
			isa = PBXProject;
			attributes = {
				BuildIndependentTargetsInParallel = 1;
				LastSwiftUpdateCheck = 1400;
				LastUpgradeCheck = 1400;
				TargetAttributes = {
					5E244E4F28D494CC00557C9D = {
						CreatedOnToolsVersion = 14.0;
					};
				};
			};
			buildConfigurationList = 5E244E4B28D494CC00557C9D /* Build configuration list for PBXProject "MatchCardGame" */;
			compatibilityVersion = "Xcode 14.0";
			developmentRegion = en;
			hasScannedForEncodings = 0;
			knownRegions = (
				en,
				Base,
			);
			mainGroup = 5E244E4728D494CC00557C9D;
			productRefGroup = 5E244E5128D494CC00557C9D /* Products */;
			projectDirPath = "";
			projectRoot = "";
			targets = (
				5E244E4F28D494CC00557C9D /* MatchCardGame */,
			);
		};
/* End PBXProject section */

/* Begin PBXResourcesBuildPhase section */
		5E244E4E28D494CC00557C9D /* Resources */ = {
			isa = PBXResourcesBuildPhase;
			buildActionMask = 2147483647;
			files = (
				5E244E6028D494CD00557C9D /* LaunchScreen.storyboard in Resources */,
				5E244E5D28D494CD00557C9D /* Assets.xcassets in Resources */,
				5E244E5B28D494CC00557C9D /* Main.storyboard in Resources */,
			);
			runOnlyForDeploymentPostprocessing = 0;
		};
/* End PBXResourcesBuildPhase section */

/* Begin PBXSourcesBuildPhase section */
		5E244E4C28D494CC00557C9D /* Sources */ = {
			isa = PBXSourcesBuildPhase;
			buildActionMask = 2147483647;
			files = (
				5E244E5828D494CC00557C9D /* ViewController.swift in Sources */,
				5E244E6828D62BC200557C9D /* CardModel.swift in Sources */,
				5E244E6A28D62E2E00557C9D /* Card.swift in Sources */,
				5E244E5428D494CC00557C9D /* AppDelegate.swift in Sources */,
				5E244E6C28D6376B00557C9D /* CardCollectionViewCell.swift in Sources */,
				5E244E5628D494CC00557C9D /* SceneDelegate.swift in Sources */,
			);
			runOnlyForDeploymentPostprocessing = 0;
		};
/* End PBXSourcesBuildPhase section */

/* Begin PBXVariantGroup section */
		5E244E5928D494CC00557C9D /* Main.storyboard */ = {
			isa = PBXVariantGroup;
			children = (
				5E244E5A28D494CC00557C9D /* Base */,
			);
			name = Main.storyboard;
			sourceTree = "<group>";
		};
		5E244E5E28D494CD00557C9D /* LaunchScreen.storyboard */ = {
			isa = PBXVariantGroup;
			children = (
				5E244E5F28D494CD00557C9D /* Base */,
			);
			name = LaunchScreen.storyboard;
			sourceTree = "<group>";
		};
/* End PBXVariantGroup section */

/* Begin XCBuildConfiguration section */
		5E244E6228D494CD00557C9D /* Debug */ = {
			isa = XCBuildConfiguration;
			buildSettings = {
				ALWAYS_SEARCH_USER_PATHS = NO;
				CLANG_ANALYZER_NONNULL = YES;
				CLANG_ANALYZER_NUMBER_OBJECT_CONVERSION = YES_AGGRESSIVE;
				CLANG_CXX_LANGUAGE_STANDARD = "gnu++20";
				CLANG_ENABLE_MODULES = YES;
				CLANG_ENABLE_OBJC_ARC = YES;
				CLANG_ENABLE_OBJC_WEAK = YES;
				CLANG_WARN_BLOCK_CAPTURE_AUTORELEASING = YES;
				CLANG_WARN_BOOL_CONVERSION = YES;
				CLANG_WARN_COMMA = YES;
				CLANG_WARN_CONSTANT_CONVERSION = YES;
				CLANG_WARN_DEPRECATED_OBJC_IMPLEMENTATIONS = YES;
				CLANG_WARN_DIRECT_OBJC_ISA_USAGE = YES_ERROR;
				CLANG_WARN_DOCUMENTATION_COMMENTS = YES;
				CLANG_WARN_EMPTY_BODY = YES;
				CLANG_WARN_ENUM_CONVERSION = YES;
				CLANG_WARN_INFINITE_RECURSION = YES;
				CLANG_WARN_INT_CONVERSION = YES;
				CLANG_WARN_NON_LITERAL_NULL_CONVERSION = YES;
				CLANG_WARN_OBJC_IMPLICIT_RETAIN_SELF = YES;
				CLANG_WARN_OBJC_LITERAL_CONVERSION = YES;
				CLANG_WARN_OBJC_ROOT_CLASS = YES_ERROR;
				CLANG_WARN_QUOTED_INCLUDE_IN_FRAMEWORK_HEADER = YES;
				CLANG_WARN_RANGE_LOOP_ANALYSIS = YES;
				CLANG_WARN_STRICT_PROTOTYPES = YES;
				CLANG_WARN_SUSPICIOUS_MOVE = YES;
				CLANG_WARN_UNGUARDED_AVAILABILITY = YES_AGGRESSIVE;
				CLANG_WARN_UNREACHABLE_CODE = YES;
				CLANG_WARN__DUPLICATE_METHOD_MATCH = YES;
				COPY_PHASE_STRIP = NO;
				DEBUG_INFORMATION_FORMAT = dwarf;
				ENABLE_STRICT_OBJC_MSGSEND = YES;
				ENABLE_TESTABILITY = YES;
				GCC_C_LANGUAGE_STANDARD = gnu11;
				GCC_DYNAMIC_NO_PIC = NO;
				GCC_NO_COMMON_BLOCKS = YES;
				GCC_OPTIMIZATION_LEVEL = 0;
				GCC_PREPROCESSOR_DEFINITIONS = (
					"DEBUG=1",
					"$(inherited)",
				);
				GCC_WARN_64_TO_32_BIT_CONVERSION = YES;
				GCC_WARN_ABOUT_RETURN_TYPE = YES_ERROR;
				GCC_WARN_UNDECLARED_SELECTOR = YES;
				GCC_WARN_UNINITIALIZED_AUTOS = YES_AGGRESSIVE;
				GCC_WARN_UNUSED_FUNCTION = YES;
				GCC_WARN_UNUSED_VARIABLE = YES;
				IPHONEOS_DEPLOYMENT_TARGET = 16.0;
				MTL_ENABLE_DEBUG_INFO = INCLUDE_SOURCE;
				MTL_FAST_MATH = YES;
				ONLY_ACTIVE_ARCH = YES;
				SDKROOT = iphoneos;
				SWIFT_ACTIVE_COMPILATION_CONDITIONS = DEBUG;
				SWIFT_OPTIMIZATION_LEVEL = "-Onone";
			};
			name = Debug;
		};
		5E244E6328D494CD00557C9D /* Release */ = {
			isa = XCBuildConfiguration;
			buildSettings = {
				ALWAYS_SEARCH_USER_PATHS = NO;
				CLANG_ANALYZER_NONNULL = YES;
				CLANG_ANALYZER_NUMBER_OBJECT_CONVERSION = YES_AGGRESSIVE;
				CLANG_CXX_LANGUAGE_STANDARD = "gnu++20";
				CLANG_ENABLE_MODULES = YES;
				CLANG_ENABLE_OBJC_ARC = YES;
				CLANG_ENABLE_OBJC_WEAK = YES;
				CLANG_WARN_BLOCK_CAPTURE_AUTORELEASING = YES;
				CLANG_WARN_BOOL_CONVERSION = YES;
				CLANG_WARN_COMMA = YES;
				CLANG_WARN_CONSTANT_CONVERSION = YES;
				CLANG_WARN_DEPRECATED_OBJC_IMPLEMENTATIONS = YES;
				CLANG_WARN_DIRECT_OBJC_ISA_USAGE = YES_ERROR;
				CLANG_WARN_DOCUMENTATION_COMMENTS = YES;
				CLANG_WARN_EMPTY_BODY = YES;
				CLANG_WARN_ENUM_CONVERSION = YES;
				CLANG_WARN_INFINITE_RECURSION = YES;
				CLANG_WARN_INT_CONVERSION = YES;
				CLANG_WARN_NON_LITERAL_NULL_CONVERSION = YES;
				CLANG_WARN_OBJC_IMPLICIT_RETAIN_SELF = YES;
				CLANG_WARN_OBJC_LITERAL_CONVERSION = YES;
				CLANG_WARN_OBJC_ROOT_CLASS = YES_ERROR;
				CLANG_WARN_QUOTED_INCLUDE_IN_FRAMEWORK_HEADER = YES;
				CLANG_WARN_RANGE_LOOP_ANALYSIS = YES;
				CLANG_WARN_STRICT_PROTOTYPES = YES;
				CLANG_WARN_SUSPICIOUS_MOVE = YES;
				CLANG_WARN_UNGUARDED_AVAILABILITY = YES_AGGRESSIVE;
				CLANG_WARN_UNREACHABLE_CODE = YES;
				CLANG_WARN__DUPLICATE_METHOD_MATCH = YES;
				COPY_PHASE_STRIP = NO;
				DEBUG_INFORMATION_FORMAT = "dwarf-with-dsym";
				ENABLE_NS_ASSERTIONS = NO;
				ENABLE_STRICT_OBJC_MSGSEND = YES;
				GCC_C_LANGUAGE_STANDARD = gnu11;
				GCC_NO_COMMON_BLOCKS = YES;
				GCC_WARN_64_TO_32_BIT_CONVERSION = YES;
				GCC_WARN_ABOUT_RETURN_TYPE = YES_ERROR;
				GCC_WARN_UNDECLARED_SELECTOR = YES;
				GCC_WARN_UNINITIALIZED_AUTOS = YES_AGGRESSIVE;
				GCC_WARN_UNUSED_FUNCTION = YES;
				GCC_WARN_UNUSED_VARIABLE = YES;
				IPHONEOS_DEPLOYMENT_TARGET = 16.0;
				MTL_ENABLE_DEBUG_INFO = NO;
				MTL_FAST_MATH = YES;
				SDKROOT = iphoneos;
				SWIFT_COMPILATION_MODE = wholemodule;
				SWIFT_OPTIMIZATION_LEVEL = "-O";
				VALIDATE_PRODUCT = YES;
			};
			name = Release;
		};
		5E244E6528D494CD00557C9D /* Debug */ = {
			isa = XCBuildConfiguration;
			buildSettings = {
				ASSETCATALOG_COMPILER_APPICON_NAME = AppIcon;
				ASSETCATALOG_COMPILER_GLOBAL_ACCENT_COLOR_NAME = AccentColor;
				CODE_SIGN_STYLE = Automatic;
				CURRENT_PROJECT_VERSION = 1;
				DEVELOPMENT_TEAM = YD38TN6JS6;
				GENERATE_INFOPLIST_FILE = YES;
				INFOPLIST_FILE = MatchCardGame/Info.plist;
				INFOPLIST_KEY_UIApplicationSupportsIndirectInputEvents = YES;
				INFOPLIST_KEY_UILaunchStoryboardName = LaunchScreen;
				INFOPLIST_KEY_UIMainStoryboardFile = Main;
				INFOPLIST_KEY_UISupportedInterfaceOrientations = "UIInterfaceOrientationLandscapeLeft UIInterfaceOrientationLandscapeRight";
				INFOPLIST_KEY_UISupportedInterfaceOrientations_iPad = "UIInterfaceOrientationLandscapeLeft UIInterfaceOrientationLandscapeRight UIInterfaceOrientationPortrait UIInterfaceOrientationPortraitUpsideDown";
				LD_RUNPATH_SEARCH_PATHS = (
					"$(inherited)",
					"@executable_path/Frameworks",
				);
				MARKETING_VERSION = 1.0;
				PRODUCT_BUNDLE_IDENTIFIER = ca.sangtran.MatchCardGame;
				PRODUCT_NAME = "$(TARGET_NAME)";
				SWIFT_EMIT_LOC_STRINGS = YES;
				SWIFT_VERSION = 5.0;
				TARGETED_DEVICE_FAMILY = "1,2";
			};
			name = Debug;
		};
		5E244E6628D494CD00557C9D /* Release */ = {
			isa = XCBuildConfiguration;
			buildSettings = {
				ASSETCATALOG_COMPILER_APPICON_NAME = AppIcon;
				ASSETCATALOG_COMPILER_GLOBAL_ACCENT_COLOR_NAME = AccentColor;
				CODE_SIGN_STYLE = Automatic;
				CURRENT_PROJECT_VERSION = 1;
				DEVELOPMENT_TEAM = YD38TN6JS6;
				GENERATE_INFOPLIST_FILE = YES;
				INFOPLIST_FILE = MatchCardGame/Info.plist;
				INFOPLIST_KEY_UIApplicationSupportsIndirectInputEvents = YES;
				INFOPLIST_KEY_UILaunchStoryboardName = LaunchScreen;
				INFOPLIST_KEY_UIMainStoryboardFile = Main;
				INFOPLIST_KEY_UISupportedInterfaceOrientations = "UIInterfaceOrientationLandscapeLeft UIInterfaceOrientationLandscapeRight";
				INFOPLIST_KEY_UISupportedInterfaceOrientations_iPad = "UIInterfaceOrientationLandscapeLeft UIInterfaceOrientationLandscapeRight UIInterfaceOrientationPortrait UIInterfaceOrientationPortraitUpsideDown";
				LD_RUNPATH_SEARCH_PATHS = (
					"$(inherited)",
					"@executable_path/Frameworks",
				);
				MARKETING_VERSION = 1.0;
				PRODUCT_BUNDLE_IDENTIFIER = ca.sangtran.MatchCardGame;
				PRODUCT_NAME = "$(TARGET_NAME)";
				SWIFT_EMIT_LOC_STRINGS = YES;
				SWIFT_VERSION = 5.0;
				TARGETED_DEVICE_FAMILY = "1,2";
			};
			name = Release;
		};
/* End XCBuildConfiguration section */

/* Begin XCConfigurationList section */
		5E244E4B28D494CC00557C9D /* Build configuration list for PBXProject "MatchCardGame" */ = {
			isa = XCConfigurationList;
			buildConfigurations = (
				5E244E6228D494CD00557C9D /* Debug */,
				5E244E6328D494CD00557C9D /* Release */,
			);
			defaultConfigurationIsVisible = 0;
			defaultConfigurationName = Release;
		};
		5E244E6428D494CD00557C9D /* Build configuration list for PBXNativeTarget "MatchCardGame" */ = {
			isa = XCConfigurationList;
			buildConfigurations = (
				5E244E6528D494CD00557C9D /* Debug */,
				5E244E6628D494CD00557C9D /* Release */,
			);
			defaultConfigurationIsVisible = 0;
			defaultConfigurationName = Release;
		};
/* End XCConfigurationList section */
	};
	rootObject = 5E244E4828D494CC00557C9D /* Project object */;
}
